PODS:
  - MBProgressHUD (1.1.0)
  - RxAtomic (4.4.2)
  - RxCocoa (4.4.2):
    - RxSwift (>= 4.4.2, ~> 4.4)
  - RxSwift (4.4.2):
    - RxAtomic (>= 4.4.2, ~> 4.4)
  - RxTest (4.4.2):
    - RxAtomic (>= 4.4.2, ~> 4.4)
    - RxSwift (>= 4.4.2, ~> 4.4)
  - SwiftGifOrigin (1.6.1)

DEPENDENCIES:
  - MBProgressHUD (~> 1.1.0)
  - RxCocoa (~> 4.0)
  - RxSwift (~> 4.0)
  - RxTest (~> 4.0)
  - SwiftGifOrigin (~> 1.6.1)

SPEC REPOS:
  https://github.com/cocoapods/specs.git:
    - MBProgressHUD
    - RxAtomic
    - RxCocoa
    - RxSwift
    - RxTest
    - SwiftGifOrigin

SPEC CHECKSUMS:
  MBProgressHUD: e7baa36a220447d8aeb12769bf0585582f3866d9
  RxAtomic: d00e97c10db88c6f08540e0bf2752fc5a2404167
  RxCocoa: 477990dc3b4c3ff55fb0ac77e1cc06244e0aaec8
  RxSwift: 74c29b693c8e42b0f64400e8b06564575742d649
  RxTest: 6433d5b6229f5de424fa534bc22b5e6c38b0b671
  SwiftGifOrigin: d6679d3ebe9df2e049a84bc52582635107b581f6

PODFILE CHECKSUM: 3e871c2f52de3963a456cbeae0fe9ca8975802a7

COCOAPODS: 1.6.0
